
Microsoft Visual Studio Solution File, Format Version 12.00
# Visual Studio Version 16
VisualStudioVersion = 16.0.30804.86
MinimumVisualStudioVersion = 10.0.40219.1
Project("{FAE04EC0-301F-11D3-BF4B-00C04F79EFBC}") = "FilmOrganizer", "FilmOrganizer\FilmOrganizer.csproj", "{996583C6-30A7-43C4-A73D-D58D5DDD9E1D}"
EndProject
Project("{9A19103F-16F7-4668-BE54-9A1E7A4F7556}") = "Category.Standard", "Category.Standard\Category.Standard.csproj", "{CAC0BD79-8B74-4900-8B91-62D65B261245}"
EndProject
Project("{9A19103F-16F7-4668-BE54-9A1E7A4F7556}") = "Gatchan.Base.Standard", "Gatchan.Base.Standard\Gatchan.Base.Standard.csproj", "{8F0CBA10-5D25-4C99-8DA8-85D0CB05E236}"
EndProject
Project("{2150E333-8FDC-42A3-9474-1A3956D46DE8}") = "Library", "Library", "{AB001F66-5106-46B4-BD71-9DD1B4DDDAEA}"
EndProject
Project("{2150E333-8FDC-42A3-9474-1A3956D46DE8}") = "BackgroundJobs", "BackgroundJobs", "{57183931-A9D5-44B6-9D23-0313BF5DA456}"
EndProject
Project("{FAE04EC0-301F-11D3-BF4B-00C04F79EFBC}") = "FilmSearcher.App", "Application\FilmSearcher.App\FilmSearcher.App.csproj", "{1550B653-3B93-4743-A1C8-01677CE67085}"
EndProject
Project("{2150E333-8FDC-42A3-9474-1A3956D46DE8}") = "Application", "Application", "{0F953477-810F-4308-8468-8E6A61830D19}"
EndProject
Project("{FAE04EC0-301F-11D3-BF4B-00C04F79EFBC}") = "DistributorSearcher.App", "Application\DistributorSearcher.App\DistributorSearcher.App.csproj", "{6FA4B6A8-000E-4DA7-882E-8A5390FD8D36}"
EndProject
Project("{2150E333-8FDC-42A3-9474-1A3956D46DE8}") = "Consoles", "Consoles", "{B22155CD-4879-4C6C-A47A-20DC9FA847BD}"
EndProject
Project("{FAE04EC0-301F-11D3-BF4B-00C04F79EFBC}") = "FilmIndex.Host", "BackgroundJobs\FilmIndex.Host\FilmIndex.Host.csproj", "{55FE354F-6DEE-4F46-8FFD-879C9992445A}"
EndProject
Project("{FAE04EC0-301F-11D3-BF4B-00C04F79EFBC}") = "FilmIndex.Job", "BackgroundJobs\FilmIndex.Job\FilmIndex.Job.csproj", "{9829F457-774D-46DC-B2C8-13C40B58B203}"
EndProject
Project("{FAE04EC0-301F-11D3-BF4B-00C04F79EFBC}") = "Adjustment.App", "Application\Adjustment.App\Adjustment.App.csproj", "{A1631C41-4014-486F-800C-0176881E8744}"
EndProject
Project("{FAE04EC0-301F-11D3-BF4B-00C04F79EFBC}") = "FindProblem.App", "Application\FindProblem.App\FindProblem.App.csproj", "{922346A5-0DF2-48B5-9847-852DA085C0FE}"
EndProject
Global
	GlobalSection(SolutionConfigurationPlatforms) = preSolution
		Debug|Any CPU = Debug|Any CPU
		Debug|ARM = Debug|ARM
		Debug|ARM64 = Debug|ARM64
		Debug|x64 = Debug|x64
		Debug|x86 = Debug|x86
		Release|Any CPU = Release|Any CPU
		Release|ARM = Release|ARM
		Release|ARM64 = Release|ARM64
		Release|x64 = Release|x64
		Release|x86 = Release|x86
	EndGlobalSection
	GlobalSection(ProjectConfigurationPlatforms) = postSolution
		{996583C6-30A7-43C4-A73D-D58D5DDD9E1D}.Debug|Any CPU.ActiveCfg = Debug|Any CPU
		{996583C6-30A7-43C4-A73D-D58D5DDD9E1D}.Debug|Any CPU.Build.0 = Debug|Any CPU
		{996583C6-30A7-43C4-A73D-D58D5DDD9E1D}.Debug|ARM.ActiveCfg = Debug|Any CPU
		{996583C6-30A7-43C4-A73D-D58D5DDD9E1D}.Debug|ARM.Build.0 = Debug|Any CPU
		{996583C6-30A7-43C4-A73D-D58D5DDD9E1D}.Debug|ARM64.ActiveCfg = Debug|Any CPU
		{996583C6-30A7-43C4-A73D-D58D5DDD9E1D}.Debug|ARM64.Build.0 = Debug|Any CPU
		{996583C6-30A7-43C4-A73D-D58D5DDD9E1D}.Debug|x64.ActiveCfg = Debug|Any CPU
		{996583C6-30A7-43C4-A73D-D58D5DDD9E1D}.Debug|x64.Build.0 = Debug|Any CPU
		{996583C6-30A7-43C4-A73D-D58D5DDD9E1D}.Debug|x86.ActiveCfg = Debug|Any CPU
		{996583C6-30A7-43C4-A73D-D58D5DDD9E1D}.Debug|x86.Build.0 = Debug|Any CPU
		{996583C6-30A7-43C4-A73D-D58D5DDD9E1D}.Release|Any CPU.ActiveCfg = Release|Any CPU
		{996583C6-30A7-43C4-A73D-D58D5DDD9E1D}.Release|Any CPU.Build.0 = Release|Any CPU
		{996583C6-30A7-43C4-A73D-D58D5DDD9E1D}.Release|ARM.ActiveCfg = Release|Any CPU
		{996583C6-30A7-43C4-A73D-D58D5DDD9E1D}.Release|ARM.Build.0 = Release|Any CPU
		{996583C6-30A7-43C4-A73D-D58D5DDD9E1D}.Release|ARM64.ActiveCfg = Release|Any CPU
		{996583C6-30A7-43C4-A73D-D58D5DDD9E1D}.Release|ARM64.Build.0 = Release|Any CPU
		{996583C6-30A7-43C4-A73D-D58D5DDD9E1D}.Release|x64.ActiveCfg = Release|Any CPU
		{996583C6-30A7-43C4-A73D-D58D5DDD9E1D}.Release|x64.Build.0 = Release|Any CPU
		{996583C6-30A7-43C4-A73D-D58D5DDD9E1D}.Release|x86.ActiveCfg = Release|Any CPU
		{996583C6-30A7-43C4-A73D-D58D5DDD9E1D}.Release|x86.Build.0 = Release|Any CPU
		{CAC0BD79-8B74-4900-8B91-62D65B261245}.Debug|Any CPU.ActiveCfg = Debug|Any CPU
		{CAC0BD79-8B74-4900-8B91-62D65B261245}.Debug|Any CPU.Build.0 = Debug|Any CPU
		{CAC0BD79-8B74-4900-8B91-62D65B261245}.Debug|ARM.ActiveCfg = Debug|Any CPU
		{CAC0BD79-8B74-4900-8B91-62D65B261245}.Debug|ARM.Build.0 = Debug|Any CPU
		{CAC0BD79-8B74-4900-8B91-62D65B261245}.Debug|ARM64.ActiveCfg = Debug|Any CPU
		{CAC0BD79-8B74-4900-8B91-62D65B261245}.Debug|ARM64.Build.0 = Debug|Any CPU
		{CAC0BD79-8B74-4900-8B91-62D65B261245}.Debug|x64.ActiveCfg = Debug|Any CPU
		{CAC0BD79-8B74-4900-8B91-62D65B261245}.Debug|x64.Build.0 = Debug|Any CPU
		{CAC0BD79-8B74-4900-8B91-62D65B261245}.Debug|x86.ActiveCfg = Debug|Any CPU
		{CAC0BD79-8B74-4900-8B91-62D65B261245}.Debug|x86.Build.0 = Debug|Any CPU
		{CAC0BD79-8B74-4900-8B91-62D65B261245}.Release|Any CPU.ActiveCfg = Release|Any CPU
		{CAC0BD79-8B74-4900-8B91-62D65B261245}.Release|Any CPU.Build.0 = Release|Any CPU
		{CAC0BD79-8B74-4900-8B91-62D65B261245}.Release|ARM.ActiveCfg = Release|Any CPU
		{CAC0BD79-8B74-4900-8B91-62D65B261245}.Release|ARM.Build.0 = Release|Any CPU
		{CAC0BD79-8B74-4900-8B91-62D65B261245}.Release|ARM64.ActiveCfg = Release|Any CPU
		{CAC0BD79-8B74-4900-8B91-62D65B261245}.Release|ARM64.Build.0 = Release|Any CPU
		{CAC0BD79-8B74-4900-8B91-62D65B261245}.Release|x64.ActiveCfg = Release|Any CPU
		{CAC0BD79-8B74-4900-8B91-62D65B261245}.Release|x64.Build.0 = Release|Any CPU
		{CAC0BD79-8B74-4900-8B91-62D65B261245}.Release|x86.ActiveCfg = Release|Any CPU
		{CAC0BD79-8B74-4900-8B91-62D65B261245}.Release|x86.Build.0 = Release|Any CPU
		{8F0CBA10-5D25-4C99-8DA8-85D0CB05E236}.Debug|Any CPU.ActiveCfg = Debug|Any CPU
		{8F0CBA10-5D25-4C99-8DA8-85D0CB05E236}.Debug|Any CPU.Build.0 = Debug|Any CPU
		{8F0CBA10-5D25-4C99-8DA8-85D0CB05E236}.Debug|ARM.ActiveCfg = Debug|Any CPU
		{8F0CBA10-5D25-4C99-8DA8-85D0CB05E236}.Debug|ARM.Build.0 = Debug|Any CPU
		{8F0CBA10-5D25-4C99-8DA8-85D0CB05E236}.Debug|ARM64.ActiveCfg = Debug|Any CPU
		{8F0CBA10-5D25-4C99-8DA8-85D0CB05E236}.Debug|ARM64.Build.0 = Debug|Any CPU
		{8F0CBA10-5D25-4C99-8DA8-85D0CB05E236}.Debug|x64.ActiveCfg = Debug|Any CPU
		{8F0CBA10-5D25-4C99-8DA8-85D0CB05E236}.Debug|x64.Build.0 = Debug|Any CPU
		{8F0CBA10-5D25-4C99-8DA8-85D0CB05E236}.Debug|x86.ActiveCfg = Debug|Any CPU
		{8F0CBA10-5D25-4C99-8DA8-85D0CB05E236}.Debug|x86.Build.0 = Debug|Any CPU
		{8F0CBA10-5D25-4C99-8DA8-85D0CB05E236}.Release|Any CPU.ActiveCfg = Release|Any CPU
		{8F0CBA10-5D25-4C99-8DA8-85D0CB05E236}.Release|Any CPU.Build.0 = Release|Any CPU
		{8F0CBA10-5D25-4C99-8DA8-85D0CB05E236}.Release|ARM.ActiveCfg = Release|Any CPU
		{8F0CBA10-5D25-4C99-8DA8-85D0CB05E236}.Release|ARM.Build.0 = Release|Any CPU
		{8F0CBA10-5D25-4C99-8DA8-85D0CB05E236}.Release|ARM64.ActiveCfg = Release|Any CPU
		{8F0CBA10-5D25-4C99-8DA8-85D0CB05E236}.Release|ARM64.Build.0 = Release|Any CPU
		{8F0CBA10-5D25-4C99-8DA8-85D0CB05E236}.Release|x64.ActiveCfg = Release|Any CPU
		{8F0CBA10-5D25-4C99-8DA8-85D0CB05E236}.Release|x64.Build.0 = Release|Any CPU
		{8F0CBA10-5D25-4C99-8DA8-85D0CB05E236}.Release|x86.ActiveCfg = Release|Any CPU
		{8F0CBA10-5D25-4C99-8DA8-85D0CB05E236}.Release|x86.Build.0 = Release|Any CPU
		{1550B653-3B93-4743-A1C8-01677CE67085}.Debug|Any CPU.ActiveCfg = Debug|Any CPU
		{1550B653-3B93-4743-A1C8-01677CE67085}.Debug|Any CPU.Build.0 = Debug|Any CPU
		{1550B653-3B93-4743-A1C8-01677CE67085}.Debug|ARM.ActiveCfg = Debug|Any CPU
		{1550B653-3B93-4743-A1C8-01677CE67085}.Debug|ARM.Build.0 = Debug|Any CPU
		{1550B653-3B93-4743-A1C8-01677CE67085}.Debug|ARM64.ActiveCfg = Debug|Any CPU
		{1550B653-3B93-4743-A1C8-01677CE67085}.Debug|ARM64.Build.0 = Debug|Any CPU
		{1550B653-3B93-4743-A1C8-01677CE67085}.Debug|x64.ActiveCfg = Debug|Any CPU
		{1550B653-3B93-4743-A1C8-01677CE67085}.Debug|x64.Build.0 = Debug|Any CPU
		{1550B653-3B93-4743-A1C8-01677CE67085}.Debug|x86.ActiveCfg = Debug|Any CPU
		{1550B653-3B93-4743-A1C8-01677CE67085}.Debug|x86.Build.0 = Debug|Any CPU
		{1550B653-3B93-4743-A1C8-01677CE67085}.Release|Any CPU.ActiveCfg = Release|Any CPU
		{1550B653-3B93-4743-A1C8-01677CE67085}.Release|Any CPU.Build.0 = Release|Any CPU
		{1550B653-3B93-4743-A1C8-01677CE67085}.Release|ARM.ActiveCfg = Release|Any CPU
		{1550B653-3B93-4743-A1C8-01677CE67085}.Release|ARM.Build.0 = Release|Any CPU
		{1550B653-3B93-4743-A1C8-01677CE67085}.Release|ARM64.ActiveCfg = Release|Any CPU
		{1550B653-3B93-4743-A1C8-01677CE67085}.Release|ARM64.Build.0 = Release|Any CPU
		{1550B653-3B93-4743-A1C8-01677CE67085}.Release|x64.ActiveCfg = Release|Any CPU
		{1550B653-3B93-4743-A1C8-01677CE67085}.Release|x64.Build.0 = Release|Any CPU
		{1550B653-3B93-4743-A1C8-01677CE67085}.Release|x86.ActiveCfg = Release|Any CPU
		{1550B653-3B93-4743-A1C8-01677CE67085}.Release|x86.Build.0 = Release|Any CPU
		{6FA4B6A8-000E-4DA7-882E-8A5390FD8D36}.Debug|Any CPU.ActiveCfg = Debug|Any CPU
		{6FA4B6A8-000E-4DA7-882E-8A5390FD8D36}.Debug|Any CPU.Build.0 = Debug|Any CPU
		{6FA4B6A8-000E-4DA7-882E-8A5390FD8D36}.Debug|ARM.ActiveCfg = Debug|Any CPU
		{6FA4B6A8-000E-4DA7-882E-8A5390FD8D36}.Debug|ARM.Build.0 = Debug|Any CPU
		{6FA4B6A8-000E-4DA7-882E-8A5390FD8D36}.Debug|ARM64.ActiveCfg = Debug|Any CPU
		{6FA4B6A8-000E-4DA7-882E-8A5390FD8D36}.Debug|ARM64.Build.0 = Debug|Any CPU
		{6FA4B6A8-000E-4DA7-882E-8A5390FD8D36}.Debug|x64.ActiveCfg = Debug|Any CPU
		{6FA4B6A8-000E-4DA7-882E-8A5390FD8D36}.Debug|x64.Build.0 = Debug|Any CPU
		{6FA4B6A8-000E-4DA7-882E-8A5390FD8D36}.Debug|x86.ActiveCfg = Debug|Any CPU
		{6FA4B6A8-000E-4DA7-882E-8A5390FD8D36}.Debug|x86.Build.0 = Debug|Any CPU
		{6FA4B6A8-000E-4DA7-882E-8A5390FD8D36}.Release|Any CPU.ActiveCfg = Release|Any CPU
		{6FA4B6A8-000E-4DA7-882E-8A5390FD8D36}.Release|Any CPU.Build.0 = Release|Any CPU
		{6FA4B6A8-000E-4DA7-882E-8A5390FD8D36}.Release|ARM.ActiveCfg = Release|Any CPU
		{6FA4B6A8-000E-4DA7-882E-8A5390FD8D36}.Release|ARM.Build.0 = Release|Any CPU
		{6FA4B6A8-000E-4DA7-882E-8A5390FD8D36}.Release|ARM64.ActiveCfg = Release|Any CPU
		{6FA4B6A8-000E-4DA7-882E-8A5390FD8D36}.Release|ARM64.Build.0 = Release|Any CPU
		{6FA4B6A8-000E-4DA7-882E-8A5390FD8D36}.Release|x64.ActiveCfg = Release|Any CPU
		{6FA4B6A8-000E-4DA7-882E-8A5390FD8D36}.Release|x64.Build.0 = Release|Any CPU
		{6FA4B6A8-000E-4DA7-882E-8A5390FD8D36}.Release|x86.ActiveCfg = Release|Any CPU
		{6FA4B6A8-000E-4DA7-882E-8A5390FD8D36}.Release|x86.Build.0 = Release|Any CPU
		{55FE354F-6DEE-4F46-8FFD-879C9992445A}.Debug|Any CPU.ActiveCfg = Debug|Any CPU
		{55FE354F-6DEE-4F46-8FFD-879C9992445A}.Debug|Any CPU.Build.0 = Debug|Any CPU
		{55FE354F-6DEE-4F46-8FFD-879C9992445A}.Debug|ARM.ActiveCfg = Debug|Any CPU
		{55FE354F-6DEE-4F46-8FFD-879C9992445A}.Debug|ARM.Build.0 = Debug|Any CPU
		{55FE354F-6DEE-4F46-8FFD-879C9992445A}.Debug|ARM64.ActiveCfg = Debug|Any CPU
		{55FE354F-6DEE-4F46-8FFD-879C9992445A}.Debug|ARM64.Build.0 = Debug|Any CPU
		{55FE354F-6DEE-4F46-8FFD-879C9992445A}.Debug|x64.ActiveCfg = Debug|Any CPU
		{55FE354F-6DEE-4F46-8FFD-879C9992445A}.Debug|x64.Build.0 = Debug|Any CPU
		{55FE354F-6DEE-4F46-8FFD-879C9992445A}.Debug|x86.ActiveCfg = Debug|Any CPU
		{55FE354F-6DEE-4F46-8FFD-879C9992445A}.Debug|x86.Build.0 = Debug|Any CPU
		{55FE354F-6DEE-4F46-8FFD-879C9992445A}.Release|Any CPU.ActiveCfg = Release|Any CPU
		{55FE354F-6DEE-4F46-8FFD-879C9992445A}.Release|Any CPU.Build.0 = Release|Any CPU
		{55FE354F-6DEE-4F46-8FFD-879C9992445A}.Release|ARM.ActiveCfg = Release|Any CPU
		{55FE354F-6DEE-4F46-8FFD-879C9992445A}.Release|ARM.Build.0 = Release|Any CPU
		{55FE354F-6DEE-4F46-8FFD-879C9992445A}.Release|ARM64.ActiveCfg = Release|Any CPU
		{55FE354F-6DEE-4F46-8FFD-879C9992445A}.Release|ARM64.Build.0 = Release|Any CPU
		{55FE354F-6DEE-4F46-8FFD-879C9992445A}.Release|x64.ActiveCfg = Release|Any CPU
		{55FE354F-6DEE-4F46-8FFD-879C9992445A}.Release|x64.Build.0 = Release|Any CPU
		{55FE354F-6DEE-4F46-8FFD-879C9992445A}.Release|x86.ActiveCfg = Release|Any CPU
		{55FE354F-6DEE-4F46-8FFD-879C9992445A}.Release|x86.Build.0 = Release|Any CPU
		{9829F457-774D-46DC-B2C8-13C40B58B203}.Debug|Any CPU.ActiveCfg = Debug|Any CPU
		{9829F457-774D-46DC-B2C8-13C40B58B203}.Debug|Any CPU.Build.0 = Debug|Any CPU
		{9829F457-774D-46DC-B2C8-13C40B58B203}.Debug|ARM.ActiveCfg = Debug|Any CPU
		{9829F457-774D-46DC-B2C8-13C40B58B203}.Debug|ARM.Build.0 = Debug|Any CPU
		{9829F457-774D-46DC-B2C8-13C40B58B203}.Debug|ARM64.ActiveCfg = Debug|Any CPU
		{9829F457-774D-46DC-B2C8-13C40B58B203}.Debug|ARM64.Build.0 = Debug|Any CPU
		{9829F457-774D-46DC-B2C8-13C40B58B203}.Debug|x64.ActiveCfg = Debug|Any CPU
		{9829F457-774D-46DC-B2C8-13C40B58B203}.Debug|x64.Build.0 = Debug|Any CPU
		{9829F457-774D-46DC-B2C8-13C40B58B203}.Debug|x86.ActiveCfg = Debug|Any CPU
		{9829F457-774D-46DC-B2C8-13C40B58B203}.Debug|x86.Build.0 = Debug|Any CPU
		{9829F457-774D-46DC-B2C8-13C40B58B203}.Release|Any CPU.ActiveCfg = Release|Any CPU
		{9829F457-774D-46DC-B2C8-13C40B58B203}.Release|Any CPU.Build.0 = Release|Any CPU
		{9829F457-774D-46DC-B2C8-13C40B58B203}.Release|ARM.ActiveCfg = Release|Any CPU
		{9829F457-774D-46DC-B2C8-13C40B58B203}.Release|ARM.Build.0 = Release|Any CPU
		{9829F457-774D-46DC-B2C8-13C40B58B203}.Release|ARM64.ActiveCfg = Release|Any CPU
		{9829F457-774D-46DC-B2C8-13C40B58B203}.Release|ARM64.Build.0 = Release|Any CPU
		{9829F457-774D-46DC-B2C8-13C40B58B203}.Release|x64.ActiveCfg = Release|Any CPU
		{9829F457-774D-46DC-B2C8-13C40B58B203}.Release|x64.Build.0 = Release|Any CPU
		{9829F457-774D-46DC-B2C8-13C40B58B203}.Release|x86.ActiveCfg = Release|Any CPU
		{9829F457-774D-46DC-B2C8-13C40B58B203}.Release|x86.Build.0 = Release|Any CPU
		{A1631C41-4014-486F-800C-0176881E8744}.Debug|Any CPU.ActiveCfg = Debug|Any CPU
		{A1631C41-4014-486F-800C-0176881E8744}.Debug|Any CPU.Build.0 = Debug|Any CPU
		{A1631C41-4014-486F-800C-0176881E8744}.Debug|ARM.ActiveCfg = Debug|Any CPU
		{A1631C41-4014-486F-800C-0176881E8744}.Debug|ARM.Build.0 = Debug|Any CPU
		{A1631C41-4014-486F-800C-0176881E8744}.Debug|ARM64.ActiveCfg = Debug|Any CPU
		{A1631C41-4014-486F-800C-0176881E8744}.Debug|ARM64.Build.0 = Debug|Any CPU
		{A1631C41-4014-486F-800C-0176881E8744}.Debug|x64.ActiveCfg = Debug|Any CPU
		{A1631C41-4014-486F-800C-0176881E8744}.Debug|x64.Build.0 = Debug|Any CPU
		{A1631C41-4014-486F-800C-0176881E8744}.Debug|x86.ActiveCfg = Debug|Any CPU
		{A1631C41-4014-486F-800C-0176881E8744}.Debug|x86.Build.0 = Debug|Any CPU
		{A1631C41-4014-486F-800C-0176881E8744}.Release|Any CPU.ActiveCfg = Release|Any CPU
		{A1631C41-4014-486F-800C-0176881E8744}.Release|Any CPU.Build.0 = Release|Any CPU
		{A1631C41-4014-486F-800C-0176881E8744}.Release|ARM.ActiveCfg = Release|Any CPU
		{A1631C41-4014-486F-800C-0176881E8744}.Release|ARM.Build.0 = Release|Any CPU
		{A1631C41-4014-486F-800C-0176881E8744}.Release|ARM64.ActiveCfg = Release|Any CPU
		{A1631C41-4014-486F-800C-0176881E8744}.Release|ARM64.Build.0 = Release|Any CPU
		{A1631C41-4014-486F-800C-0176881E8744}.Release|x64.ActiveCfg = Release|Any CPU
		{A1631C41-4014-486F-800C-0176881E8744}.Release|x64.Build.0 = Release|Any CPU
		{A1631C41-4014-486F-800C-0176881E8744}.Release|x86.ActiveCfg = Release|Any CPU
		{A1631C41-4014-486F-800C-0176881E8744}.Release|x86.Build.0 = Release|Any CPU
		{922346A5-0DF2-48B5-9847-852DA085C0FE}.Debug|Any CPU.ActiveCfg = Debug|Any CPU
		{922346A5-0DF2-48B5-9847-852DA085C0FE}.Debug|Any CPU.Build.0 = Debug|Any CPU
		{922346A5-0DF2-48B5-9847-852DA085C0FE}.Debug|ARM.ActiveCfg = Debug|Any CPU
		{922346A5-0DF2-48B5-9847-852DA085C0FE}.Debug|ARM.Build.0 = Debug|Any CPU
		{922346A5-0DF2-48B5-9847-852DA085C0FE}.Debug|ARM64.ActiveCfg = Debug|Any CPU
		{922346A5-0DF2-48B5-9847-852DA085C0FE}.Debug|ARM64.Build.0 = Debug|Any CPU
		{922346A5-0DF2-48B5-9847-852DA085C0FE}.Debug|x64.ActiveCfg = Debug|Any CPU
		{922346A5-0DF2-48B5-9847-852DA085C0FE}.Debug|x64.Build.0 = Debug|Any CPU
		{922346A5-0DF2-48B5-9847-852DA085C0FE}.Debug|x86.ActiveCfg = Debug|Any CPU
		{922346A5-0DF2-48B5-9847-852DA085C0FE}.Debug|x86.Build.0 = Debug|Any CPU
		{922346A5-0DF2-48B5-9847-852DA085C0FE}.Release|Any CPU.ActiveCfg = Release|Any CPU
		{922346A5-0DF2-48B5-9847-852DA085C0FE}.Release|Any CPU.Build.0 = Release|Any CPU
		{922346A5-0DF2-48B5-9847-852DA085C0FE}.Release|ARM.ActiveCfg = Release|Any CPU
		{922346A5-0DF2-48B5-9847-852DA085C0FE}.Release|ARM.Build.0 = Release|Any CPU
		{922346A5-0DF2-48B5-9847-852DA085C0FE}.Release|ARM64.ActiveCfg = Release|Any CPU
		{922346A5-0DF2-48B5-9847-852DA085C0FE}.Release|ARM64.Build.0 = Release|Any CPU
		{922346A5-0DF2-48B5-9847-852DA085C0FE}.Release|x64.ActiveCfg = Release|Any CPU
		{922346A5-0DF2-48B5-9847-852DA085C0FE}.Release|x64.Build.0 = Release|Any CPU
		{922346A5-0DF2-48B5-9847-852DA085C0FE}.Release|x86.ActiveCfg = Release|Any CPU
		{922346A5-0DF2-48B5-9847-852DA085C0FE}.Release|x86.Build.0 = Release|Any CPU
	EndGlobalSection
	GlobalSection(SolutionProperties) = preSolution
		HideSolutionNode = FALSE
	EndGlobalSection
	GlobalSection(NestedProjects) = preSolution
		{996583C6-30A7-43C4-A73D-D58D5DDD9E1D} = {B22155CD-4879-4C6C-A47A-20DC9FA847BD}
		{8F0CBA10-5D25-4C99-8DA8-85D0CB05E236} = {AB001F66-5106-46B4-BD71-9DD1B4DDDAEA}
		{1550B653-3B93-4743-A1C8-01677CE67085} = {0F953477-810F-4308-8468-8E6A61830D19}
		{6FA4B6A8-000E-4DA7-882E-8A5390FD8D36} = {0F953477-810F-4308-8468-8E6A61830D19}
		{55FE354F-6DEE-4F46-8FFD-879C9992445A} = {57183931-A9D5-44B6-9D23-0313BF5DA456}
		{9829F457-774D-46DC-B2C8-13C40B58B203} = {57183931-A9D5-44B6-9D23-0313BF5DA456}
		{A1631C41-4014-486F-800C-0176881E8744} = {0F953477-810F-4308-8468-8E6A61830D19}
		{922346A5-0DF2-48B5-9847-852DA085C0FE} = {0F953477-810F-4308-8468-8E6A61830D19}
	EndGlobalSection
	GlobalSection(ExtensibilityGlobals) = postSolution
		SolutionGuid = {6C4495EA-A879-47E4-87EE-7F509EA285EC}
	EndGlobalSection
EndGlobal
